
Microsoft Visual Studio Solution File, Format Version 12.00
# Visual Studio Version 16
VisualStudioVersion = 16.0.30011.22
MinimumVisualStudioVersion = 10.0.40219.1
Project("{FAE04EC0-301F-11D3-BF4B-00C04F79EFBC}") = "lexical_analysis", "lexical_analysis\lexical_analysis.csproj", "{541EF76F-B44B-4C74-99CD-B855545F2F85}"
EndProject
Global
	GlobalSection(SolutionConfigurationPlatforms) = preSolution
		Debug|Any CPU = Debug|Any CPU
		Release|Any CPU = Release|Any CPU
	EndGlobalSection
	GlobalSection(ProjectConfigurationPlatforms) = postSolution
		{541EF76F-B44B-4C74-99CD-B855545F2F85}.Debug|Any CPU.ActiveCfg = Debug|Any CPU
		{541EF76F-B44B-4C74-99CD-B855545F2F85}.Debug|Any CPU.Build.0 = Debug|Any CPU
		{541EF76F-B44B-4C74-99CD-B855545F2F85}.Release|Any CPU.ActiveCfg = Release|Any CPU
		{541EF76F-B44B-4C74-99CD-B855545F2F85}.Release|Any CPU.Build.0 = Release|Any CPU
	EndGlobalSection
	GlobalSection(SolutionProperties) = preSolution
		HideSolutionNode = FALSE
	EndGlobalSection
	GlobalSection(ExtensibilityGlobals) = postSolution
		SolutionGuid = {22E0FA30-43D2-4923-84CC-2664A08ED162}
	EndGlobalSection
EndGlobal
